
Microsoft Visual Studio Solution File, Format Version 12.00
# Visual Studio Version 16
VisualStudioVersion = 16.0.30114.105
MinimumVisualStudioVersion = 10.0.40219.1
Project("{FAE04EC0-301F-11D3-BF4B-00C04F79EFBC}") = "RomanNumeralsApp", "RomanNumeralsApp\RomanNumeralsApp.csproj", "{51EAA8FC-52FA-406A-8716-3B56AE79D58D}"
EndProject
Project("{FAE04EC0-301F-11D3-BF4B-00C04F79EFBC}") = "RomanNumerals.Tests", "RomanNumerals.Tests\RomanNumerals.Tests.csproj", "{6C0122AC-F092-406C-A36D-A6CFA3F3B594}"
EndProject
Global
	GlobalSection(SolutionConfigurationPlatforms) = preSolution
		Debug|Any CPU = Debug|Any CPU
		Release|Any CPU = Release|Any CPU
	EndGlobalSection
	GlobalSection(SolutionProperties) = preSolution
		HideSolutionNode = FALSE
	EndGlobalSection
	GlobalSection(ProjectConfigurationPlatforms) = postSolution
		{51EAA8FC-52FA-406A-8716-3B56AE79D58D}.Debug|Any CPU.ActiveCfg = Debug|Any CPU
		{51EAA8FC-52FA-406A-8716-3B56AE79D58D}.Debug|Any CPU.Build.0 = Debug|Any CPU
		{51EAA8FC-52FA-406A-8716-3B56AE79D58D}.Release|Any CPU.ActiveCfg = Release|Any CPU
		{51EAA8FC-52FA-406A-8716-3B56AE79D58D}.Release|Any CPU.Build.0 = Release|Any CPU
		{6C0122AC-F092-406C-A36D-A6CFA3F3B594}.Debug|Any CPU.ActiveCfg = Debug|Any CPU
		{6C0122AC-F092-406C-A36D-A6CFA3F3B594}.Debug|Any CPU.Build.0 = Debug|Any CPU
		{6C0122AC-F092-406C-A36D-A6CFA3F3B594}.Release|Any CPU.ActiveCfg = Release|Any CPU
		{6C0122AC-F092-406C-A36D-A6CFA3F3B594}.Release|Any CPU.Build.0 = Release|Any CPU
	EndGlobalSection
EndGlobal
